
Microsoft Visual Studio Solution File, Format Version 12.00
# Visual Studio Version 17
VisualStudioVersion = 17.1.32328.378
MinimumVisualStudioVersion = 10.0.40219.1
Project("{FAE04EC0-301F-11D3-BF4B-00C04F79EFBC}") = "MVCTest", "MVCTest\MVCTest.csproj", "{C083C677-687A-4B1C-B118-E515760D6AE5}"
EndProject
Global
	GlobalSection(SolutionConfigurationPlatforms) = preSolution
		Debug|Any CPU = Debug|Any CPU
		Release|Any CPU = Release|Any CPU
	EndGlobalSection
	GlobalSection(ProjectConfigurationPlatforms) = postSolution
		{C083C677-687A-4B1C-B118-E515760D6AE5}.Debug|Any CPU.ActiveCfg = Debug|Any CPU
		{C083C677-687A-4B1C-B118-E515760D6AE5}.Debug|Any CPU.Build.0 = Debug|Any CPU
		{C083C677-687A-4B1C-B118-E515760D6AE5}.Release|Any CPU.ActiveCfg = Release|Any CPU
		{C083C677-687A-4B1C-B118-E515760D6AE5}.Release|Any CPU.Build.0 = Release|Any CPU
	EndGlobalSection
	GlobalSection(SolutionProperties) = preSolution
		HideSolutionNode = FALSE
	EndGlobalSection
	GlobalSection(ExtensibilityGlobals) = postSolution
		SolutionGuid = {2E372425-B10D-42A1-93DC-FC6F143B8E46}
	EndGlobalSection
EndGlobal
