
Microsoft Visual Studio Solution File, Format Version 12.00
# Visual Studio Version 17
VisualStudioVersion = 17.0.31903.59
MinimumVisualStudioVersion = 10.0.40219.1
Project("{FAE04EC0-301F-11D3-BF4B-00C04F79EFBC}") = "ServerInDocker", "ServerInDocker\ServerInDocker.csproj", "{B53FC3DC-89CC-462C-9D83-CFE6B77485E7}"
EndProject
Project("{FAE04EC0-301F-11D3-BF4B-00C04F79EFBC}") = "CoreLib", "corelib\CoreLib.csproj", "{E4F96D3C-5979-45AC-8B99-F3C41383E773}"
EndProject
Global
	GlobalSection(SolutionConfigurationPlatforms) = preSolution
		Debug|Any CPU = Debug|Any CPU
		Release|Any CPU = Release|Any CPU
	EndGlobalSection
	GlobalSection(SolutionProperties) = preSolution
		HideSolutionNode = FALSE
	EndGlobalSection
	GlobalSection(ProjectConfigurationPlatforms) = postSolution
		{B53FC3DC-89CC-462C-9D83-CFE6B77485E7}.Debug|Any CPU.ActiveCfg = Debug|Any CPU
		{B53FC3DC-89CC-462C-9D83-CFE6B77485E7}.Debug|Any CPU.Build.0 = Debug|Any CPU
		{B53FC3DC-89CC-462C-9D83-CFE6B77485E7}.Release|Any CPU.ActiveCfg = Release|Any CPU
		{B53FC3DC-89CC-462C-9D83-CFE6B77485E7}.Release|Any CPU.Build.0 = Release|Any CPU
		{E4F96D3C-5979-45AC-8B99-F3C41383E773}.Debug|Any CPU.ActiveCfg = Debug|Any CPU
		{E4F96D3C-5979-45AC-8B99-F3C41383E773}.Debug|Any CPU.Build.0 = Debug|Any CPU
		{E4F96D3C-5979-45AC-8B99-F3C41383E773}.Release|Any CPU.ActiveCfg = Release|Any CPU
		{E4F96D3C-5979-45AC-8B99-F3C41383E773}.Release|Any CPU.Build.0 = Release|Any CPU
	EndGlobalSection
EndGlobal
